
Microsoft Visual Studio Solution File, Format Version 12.00
# Visual Studio Version 17
VisualStudioVersion = 17.9.34728.123
MinimumVisualStudioVersion = 10.0.40219.1
Project("{FAE04EC0-301F-11D3-BF4B-00C04F79EFBC}") = "TODOList.BL", "TODOList.BL\TODOList.BL.csproj", "{072E128F-0E1E-4D86-8F7D-FDAFCE043F4D}"
EndProject
Project("{9A19103F-16F7-4668-BE54-9A1E7A4F7556}") = "TODOList.Test", "TODOList.Test\TODOList.Test.csproj", "{54FD8738-5280-4A20-AFBA-C5F1212BF427}"
EndProject
Global
	GlobalSection(SolutionConfigurationPlatforms) = preSolution
		Debug|Any CPU = Debug|Any CPU
		Release|Any CPU = Release|Any CPU
	EndGlobalSection
	GlobalSection(ProjectConfigurationPlatforms) = postSolution
		{072E128F-0E1E-4D86-8F7D-FDAFCE043F4D}.Debug|Any CPU.ActiveCfg = Debug|Any CPU
		{072E128F-0E1E-4D86-8F7D-FDAFCE043F4D}.Debug|Any CPU.Build.0 = Debug|Any CPU
		{072E128F-0E1E-4D86-8F7D-FDAFCE043F4D}.Release|Any CPU.ActiveCfg = Release|Any CPU
		{072E128F-0E1E-4D86-8F7D-FDAFCE043F4D}.Release|Any CPU.Build.0 = Release|Any CPU
		{54FD8738-5280-4A20-AFBA-C5F1212BF427}.Debug|Any CPU.ActiveCfg = Debug|Any CPU
		{54FD8738-5280-4A20-AFBA-C5F1212BF427}.Debug|Any CPU.Build.0 = Debug|Any CPU
		{54FD8738-5280-4A20-AFBA-C5F1212BF427}.Release|Any CPU.ActiveCfg = Release|Any CPU
		{54FD8738-5280-4A20-AFBA-C5F1212BF427}.Release|Any CPU.Build.0 = Release|Any CPU
	EndGlobalSection
	GlobalSection(SolutionProperties) = preSolution
		HideSolutionNode = FALSE
	EndGlobalSection
	GlobalSection(ExtensibilityGlobals) = postSolution
		SolutionGuid = {DD09BF7C-BD24-49DE-8502-D006C8ADD32D}
	EndGlobalSection
EndGlobal
